version = 1
requires-python = ">=3.12"

[[package]]
name = "black"
version = "25.11.0"
source = { registry = "https://pypi.org/simple" }
dependencies = [
    { name = "click" },
    { name = "mypy-extensions" },
    { name = "packaging" },
    { name = "pathspec" },
    { name = "platformdirs" },
    { name = "pytokens" },
]
sdist = { url = "https://files.pythonhosted.org/packages/8c/ad/33adf4708633d047950ff2dfdea2e215d84ac50ef95aff14a614e4b6e9b2/black-25.11.0.tar.gz", hash = "sha256:9a323ac32f5dc75ce7470501b887250be5005a01602e931a15e45593f70f6e08", size = 655669 }
wheels = [
    { url = "https://files.pythonhosted.org/packages/7f/12/5c35e600b515f35ffd737da7febdb2ab66bb8c24d88560d5e3ef3d28c3fd/black-25.11.0-cp312-cp312-macosx_10_13_x86_64.whl", hash = "sha256:80e7486ad3535636657aa180ad32a7d67d7c273a80e12f1b4bfa0823d54e8fac", size = 1772831 },
    { url = "https://files.pythonhosted.org/packages/1a/75/b3896bec5a2bb9ed2f989a970ea40e7062f8936f95425879bbe162746fe5/black-25.11.0-cp312-cp312-macosx_11_0_arm64.whl", hash = "sha256:6cced12b747c4c76bc09b4db057c319d8545307266f41aaee665540bc0e04e96", size = 1608520 },
    { url = "https://files.pythonhosted.org/packages/f3/b5/2bfc18330eddbcfb5aab8d2d720663cd410f51b2ed01375f5be3751595b0/black-25.11.0-cp312-cp312-manylinux2014_x86_64.manylinux_2_17_x86_64.manylinux_2_28_x86_64.whl", hash = "sha256:6cb2d54a39e0ef021d6c5eef442e10fd71fcb491be6413d083a320ee768329dd", size = 1682719 },
    { url = "https://files.pythonhosted.org/packages/96/fb/f7dc2793a22cdf74a72114b5ed77fe3349a2e09ef34565857a2f917abdf2/black-25.11.0-cp312-cp312-win_amd64.whl", hash = "sha256:ae263af2f496940438e5be1a0c1020e13b09154f3af4df0835ea7f9fe7bfa409", size = 1362684 },
    { url = "https://files.pythonhosted.org/packages/ad/47/3378d6a2ddefe18553d1115e36aea98f4a90de53b6a3017ed861ba1bd3bc/black-25.11.0-cp313-cp313-macosx_10_13_x86_64.whl", hash = "sha256:0a1d40348b6621cc20d3d7530a5b8d67e9714906dfd7346338249ad9c6cedf2b", size = 1772446 },
    { url = "https://files.pythonhosted.org/packages/ba/4b/0f00bfb3d1f7e05e25bfc7c363f54dc523bb6ba502f98f4ad3acf01ab2e4/black-25.11.0-cp313-cp313-macosx_11_0_arm64.whl", hash = "sha256:51c65d7d60bb25429ea2bf0731c32b2a2442eb4bd3b2afcb47830f0b13e58bfd", size = 1607983 },
    { url = "https://files.pythonhosted.org/packages/99/fe/49b0768f8c9ae57eb74cc10a1f87b4c70453551d8ad498959721cc345cb7/black-25.11.0-cp313-cp313-manylinux2014_x86_64.manylinux_2_17_x86_64.manylinux_2_28_x86_64.whl", hash = "sha256:936c4dd07669269f40b497440159a221ee435e3fddcf668e0c05244a9be71993", size = 1682481 },
    { url = "https://files.pythonhosted.org/packages/55/17/7e10ff1267bfa950cc16f0a411d457cdff79678fbb77a6c73b73a5317904/black-25.11.0-cp313-cp313-win_amd64.whl", hash = "sha256:f42c0ea7f59994490f4dccd64e6b2dd49ac57c7c84f38b8faab50f8759db245c", size = 1363869 },
    { url = "https://files.pythonhosted.org/packages/67/c0/cc865ce594d09e4cd4dfca5e11994ebb51604328489f3ca3ae7bb38a7db5/black-25.11.0-cp314-cp314-macosx_10_15_x86_64.whl", hash = "sha256:35690a383f22dd3e468c85dc4b915217f87667ad9cce781d7b42678ce63c4170", size = 1771358 },
    { url = "https://files.pythonhosted.org/packages/37/77/4297114d9e2fd2fc8ab0ab87192643cd49409eb059e2940391e7d2340e57/black-25.11.0-cp314-cp314-macosx_11_0_arm64.whl", hash = "sha256:dae49ef7369c6caa1a1833fd5efb7c3024bb7e4499bf64833f65ad27791b1545", size = 1612902 },
    { url = "https://files.pythonhosted.org/packages/de/63/d45ef97ada84111e330b2b2d45e1dd163e90bd116f00ac55927fb6bf8adb/black-25.11.0-cp314-cp314-manylinux2014_x86_64.manylinux_2_17_x86_64.manylinux_2_28_x86_64.whl", hash = "sha256:5bd4a22a0b37401c8e492e994bce79e614f91b14d9ea911f44f36e262195fdda", size = 1680571 },
    { url = "https://files.pythonhosted.org/packages/ff/4b/5604710d61cdff613584028b4cb4607e56e148801ed9b38ee7970799dab6/black-25.11.0-cp314-cp314-win_amd64.whl", hash = "sha256:aa211411e94fdf86519996b7f5f05e71ba34835d8f0c0f03c00a26271da02664", size = 1382599 },
    { url = "https://files.pythonhosted.org/packages/00/5d/aed32636ed30a6e7f9efd6ad14e2a0b0d687ae7c8c7ec4e4a557174b895c/black-25.11.0-py3-none-any.whl", hash = "sha256:e3f562da087791e96cefcd9dda058380a442ab322a02e222add53736451f604b", size = 204918 },
]

[[package]]
name = "click"
version = "8.3.1"
source = { registry = "https://pypi.org/simple" }
dependencies = [
    { name = "colorama", marker = "sys_platform == 'win32'" },
]
sdist = { url = "https://files.pythonhosted.org/packages/3d/fa/656b739db8587d7b5dfa22e22ed02566950fbfbcdc20311993483657a5c0/click-8.3.1.tar.gz", hash = "sha256:12ff4785d337a1bb490bb7e9c2b1ee5da3112e94a8622f26a6c77f5d2fc6842a", size = 295065 }
wheels = [
    { url = "https://files.pythonhosted.org/packages/98/78/01c019cdb5d6498122777c1a43056ebb3ebfeef2076d9d026bfe15583b2b/click-8.3.1-py3-none-any.whl", hash = "sha256:981153a64e25f12d547d3426c367a4857371575ee7ad18df2a6183ab0545b2a6", size = 108274 },
]

[[package]]
name = "colorama"
version = "0.4.6"
source = { registry = "https://pypi.org/simple" }
sdist = { url = "https://files.pythonhosted.org/packages/d8/53/6f443c9a4a8358a93a6792e2acffb9d9d5cb0a5cfd8802644b7b1c9a02e4/colorama-0.4.6.tar.gz", hash = "sha256:08695f5cb7ed6e0531a20572697297273c47b8cae5a63ffc6d6ed5c201be6e44", size = 27697 }
wheels = [
    { url = "https://files.pythonhosted.org/packages/d1/d6/3965ed04c63042e047cb6a3e6ed1a63a35087b6a609aa3a15ed8ac56c221/colorama-0.4.6-py2.py3-none-any.whl", hash = "sha256:4f1d9991f5acc0ca119f9d443620b77f9d6b33703e51011c16baf57afb285fc6", size = 25335 },
]

[[package]]
name = "coverage"
version = "7.12.0"
source = { registry = "https://pypi.org/simple" }
sdist = { url = "https://files.pythonhosted.org/packages/89/26/4a96807b193b011588099c3b5c89fbb05294e5b90e71018e065465f34eb6/coverage-7.12.0.tar.gz", hash = "sha256:fc11e0a4e372cb5f282f16ef90d4a585034050ccda536451901abfb19a57f40c", size = 819341 }
wheels = [
    { url = "https://files.pythonhosted.org/packages/02/bf/638c0427c0f0d47638242e2438127f3c8ee3cfc06c7fdeb16778ed47f836/coverage-7.12.0-cp312-cp312-macosx_10_13_x86_64.whl", hash = "sha256:29644c928772c78512b48e14156b81255000dcfd4817574ff69def189bcb3647", size = 217704 },
    { url = "https://files.pythonhosted.org/packages/08/e1/706fae6692a66c2d6b871a608bbde0da6281903fa0e9f53a39ed441da36a/coverage-7.12.0-cp312-cp312-macosx_11_0_arm64.whl", hash = "sha256:8638cbb002eaa5d7c8d04da667813ce1067080b9a91099801a0053086e52b736", size = 218064 },
    { url = "https://files.pythonhosted.org/packages/a9/8b/eb0231d0540f8af3ffda39720ff43cb91926489d01524e68f60e961366e4/coverage-7.12.0-cp312-cp312-manylinux1_i686.manylinux_2_28_i686.manylinux_2_5_i686.whl", hash = "sha256:083631eeff5eb9992c923e14b810a179798bb598e6a0dd60586819fc23be6e60", size = 249560 },
    { url = "https://files.pythonhosted.org/packages/e9/a1/67fb52af642e974d159b5b379e4d4c59d0ebe1288677fbd04bbffe665a82/coverage-7.12.0-cp312-cp312-manylinux1_x86_64.manylinux_2_28_x86_64.manylinux_2_5_x86_64.whl", hash = "sha256:99d5415c73ca12d558e07776bd957c4222c687b9f1d26fa0e1b57e3598bdcde8", size = 252318 },
    { url = "https://files.pythonhosted.org/packages/41/e5/38228f31b2c7665ebf9bdfdddd7a184d56450755c7e43ac721c11a4b8dab/coverage-7.12.0-cp312-cp312-manylinux2014_aarch64.manylinux_2_17_aarch64.manylinux_2_28_aarch64.whl", hash = "sha256:e949ebf60c717c3df63adb4a1a366c096c8d7fd8472608cd09359e1bd48ef59f", size = 253403 },
    { url = "https://files.pythonhosted.org/packages/ec/4b/df78e4c8188f9960684267c5a4897836f3f0f20a20c51606ee778a1d9749/coverage-7.12.0-cp312-cp312-manylinux_2_31_riscv64.manylinux_2_39_riscv64.whl", hash = "sha256:6d907ddccbca819afa2cd014bc69983b146cca2735a0b1e6259b2a6c10be1e70", size = 249984 },
    { url = "https://files.pythonhosted.org/packages/ba/51/bb163933d195a345c6f63eab9e55743413d064c291b6220df754075c2769/coverage-7.12.0-cp312-cp312-musllinux_1_2_aarch64.whl", hash = "sha256:b1518ecbad4e6173f4c6e6c4a46e49555ea5679bf3feda5edb1b935c7c44e8a0", size = 251339 },
    { url = "https://files.pythonhosted.org/packages/15/40/c9b29cdb8412c837cdcbc2cfa054547dd83affe6cbbd4ce4fdb92b6ba7d1/coverage-7.12.0-cp312-cp312-musllinux_1_2_i686.whl", hash = "sha256:51777647a749abdf6f6fd8c7cffab12de68ab93aab15efc72fbbb83036c2a068", size = 249489 },
    { url = "https://files.pythonhosted.org/packages/c8/da/b3131e20ba07a0de4437a50ef3b47840dfabf9293675b0cd5c2c7f66dd61/coverage-7.12.0-cp312-cp312-musllinux_1_2_riscv64.whl", hash = "sha256:42435d46d6461a3b305cdfcad7cdd3248787771f53fe18305548cba474e6523b", size = 249070 },
    { url = "https://files.pythonhosted.org/packages/70/81/b653329b5f6302c08d683ceff6785bc60a34be9ae92a5c7b63ee7ee7acec/coverage-7.12.0-cp312-cp312-musllinux_1_2_x86_64.whl", hash = "sha256:5bcead88c8423e1855e64b8057d0544e33e4080b95b240c2a355334bb7ced937", size = 250929 },
    { url = "https://files.pythonhosted.org/packages/a3/00/250ac3bca9f252a5fb1338b5ad01331ebb7b40223f72bef5b1b2cb03aa64/coverage-7.12.0-cp312-cp312-win32.whl", hash = "sha256:dcbb630ab034e86d2a0f79aefd2be07e583202f41e037602d438c80044957baa", size = 220241 },
    { url = "https://files.pythonhosted.org/packages/64/1c/77e79e76d37ce83302f6c21980b45e09f8aa4551965213a10e62d71ce0ab/coverage-7.12.0-cp312-cp312-win_amd64.whl", hash = "sha256:2fd8354ed5d69775ac42986a691fbf68b4084278710cee9d7c3eaa0c28fa982a", size = 221051 },
    { url = "https://files.pythonhosted.org/packages/31/f5/641b8a25baae564f9e52cac0e2667b123de961985709a004e287ee7663cc/coverage-7.12.0-cp312-cp312-win_arm64.whl", hash = "sha256:737c3814903be30695b2de20d22bcc5428fdae305c61ba44cdc8b3252984c49c", size = 219692 },
    { url = "https://files.pythonhosted.org/packages/b8/14/771700b4048774e48d2c54ed0c674273702713c9ee7acdfede40c2666747/coverage-7.12.0-cp313-cp313-macosx_10_13_x86_64.whl", hash = "sha256:47324fffca8d8eae7e185b5bb20c14645f23350f870c1649003618ea91a78941", size = 217725 },
    { url = "https://files.pythonhosted.org/packages/17/a7/3aa4144d3bcb719bf67b22d2d51c2d577bf801498c13cb08f64173e80497/coverage-7.12.0-cp313-cp313-macosx_11_0_arm64.whl", hash = "sha256:ccf3b2ede91decd2fb53ec73c1f949c3e034129d1e0b07798ff1d02ea0c8fa4a", size = 218098 },
    { url = "https://files.pythonhosted.org/packages/fc/9c/b846bbc774ff81091a12a10203e70562c91ae71badda00c5ae5b613527b1/coverage-7.12.0-cp313-cp313-manylinux1_i686.manylinux_2_28_i686.manylinux_2_5_i686.whl", hash = "sha256:b365adc70a6936c6b0582dc38746b33b2454148c02349345412c6e743efb646d", size = 249093 },
    { url = "https://files.pythonhosted.org/packages/76/b6/67d7c0e1f400b32c883e9342de4a8c2ae7c1a0b57c5de87622b7262e2309/coverage-7.12.0-cp313-cp313-manylinux1_x86_64.manylinux_2_28_x86_64.manylinux_2_5_x86_64.whl", hash = "sha256:bc13baf85cd8a4cfcf4a35c7bc9d795837ad809775f782f697bf630b7e200211", size = 251686 },
    { url = "https://files.pythonhosted.org/packages/cc/75/b095bd4b39d49c3be4bffbb3135fea18a99a431c52dd7513637c0762fecb/coverage-7.12.0-cp313-cp313-manylinux2014_aarch64.manylinux_2_17_aarch64.manylinux_2_28_aarch64.whl", hash = "sha256:099d11698385d572ceafb3288a5b80fe1fc58bf665b3f9d362389de488361d3d", size = 252930 },
    { url = "https://files.pythonhosted.org/packages/6e/f3/466f63015c7c80550bead3093aacabf5380c1220a2a93c35d374cae8f762/coverage-7.12.0-cp313-cp313-manylinux_2_31_riscv64.manylinux_2_39_riscv64.whl", hash = "sha256:473dc45d69694069adb7680c405fb1e81f60b2aff42c81e2f2c3feaf544d878c", size = 249296 },
    { url = "https://files.pythonhosted.org/packages/27/86/eba2209bf2b7e28c68698fc13437519a295b2d228ba9e0ec91673e09fa92/coverage-7.12.0-cp313-cp313-musllinux_1_2_aarch64.whl", hash = "sha256:583f9adbefd278e9de33c33d6846aa8f5d164fa49b47144180a0e037f0688bb9", size = 251068 },
    { url = "https://files.pythonhosted.org/packages/ec/55/ca8ae7dbba962a3351f18940b359b94c6bafdd7757945fdc79ec9e452dc7/coverage-7.12.0-cp313-cp313-musllinux_1_2_i686.whl", hash = "sha256:b2089cc445f2dc0af6f801f0d1355c025b76c24481935303cf1af28f636688f0", size = 249034 },
    { url = "https://files.pythonhosted.org/packages/7a/d7/39136149325cad92d420b023b5fd900dabdd1c3a0d1d5f148ef4a8cedef5/coverage-7.12.0-cp313-cp313-musllinux_1_2_riscv64.whl", hash = "sha256:950411f1eb5d579999c5f66c62a40961f126fc71e5e14419f004471957b51508", size = 248853 },
    { url = "https://files.pythonhosted.org/packages/fe/b6/76e1add8b87ef60e00643b0b7f8f7bb73d4bf5249a3be19ebefc5793dd25/coverage-7.12.0-cp313-cp313-musllinux_1_2_x86_64.whl", hash = "sha256:b1aab7302a87bafebfe76b12af681b56ff446dc6f32ed178ff9c092ca776e6bc", size = 250619 },
    { url = "https://files.pythonhosted.org/packages/95/87/924c6dc64f9203f7a3c1832a6a0eee5a8335dbe5f1bdadcc278d6f1b4d74/coverage-7.12.0-cp313-cp313-win32.whl", hash = "sha256:d7e0d0303c13b54db495eb636bc2465b2fb8475d4c8bcec8fe4b5ca454dfbae8", size = 220261 },
    { url = "https://files.pythonhosted.org/packages/91/77/dd4aff9af16ff776bf355a24d87eeb48fc6acde54c907cc1ea89b14a8804/coverage-7.12.0-cp313-cp313-win_amd64.whl", hash = "sha256:ce61969812d6a98a981d147d9ac583a36ac7db7766f2e64a9d4d059c2fe29d07", size = 221072 },
    { url = "https://files.pythonhosted.org/packages/70/49/5c9dc46205fef31b1b226a6e16513193715290584317fd4df91cdaf28b22/coverage-7.12.0-cp313-cp313-win_arm64.whl", hash = "sha256:bcec6f47e4cb8a4c2dc91ce507f6eefc6a1b10f58df32cdc61dff65455031dfc", size = 219702 },
    { url = "https://files.pythonhosted.org/packages/9b/62/f87922641c7198667994dd472a91e1d9b829c95d6c29529ceb52132436ad/coverage-7.12.0-cp313-cp313t-macosx_10_13_x86_64.whl", hash = "sha256:459443346509476170d553035e4a3eed7b860f4fe5242f02de1010501956ce87", size = 218420 },
    { url = "https://files.pythonhosted.org/packages/85/dd/1cc13b2395ef15dbb27d7370a2509b4aee77890a464fb35d72d428f84871/coverage-7.12.0-cp313-cp313t-macosx_11_0_arm64.whl", hash = "sha256:04a79245ab2b7a61688958f7a855275997134bc84f4a03bc240cf64ff132abf6", size = 218773 },
    { url = "https://files.pythonhosted.org/packages/74/40/35773cc4bb1e9d4658d4fb669eb4195b3151bef3bbd6f866aba5cd5dac82/coverage-7.12.0-cp313-cp313t-manylinux1_i686.manylinux_2_28_i686.manylinux_2_5_i686.whl", hash = "sha256:09a86acaaa8455f13d6a99221d9654df249b33937b4e212b4e5a822065f12aa7", size = 260078 },
    { url = "https://files.pythonhosted.org/packages/ec/ee/231bb1a6ffc2905e396557585ebc6bdc559e7c66708376d245a1f1d330fc/coverage-7.12.0-cp313-cp313t-manylinux1_x86_64.manylinux_2_28_x86_64.manylinux_2_5_x86_64.whl", hash = "sha256:907e0df1b71ba77463687a74149c6122c3f6aac56c2510a5d906b2f368208560", size = 262144 },
    { url = "https://files.pythonhosted.org/packages/28/be/32f4aa9f3bf0b56f3971001b56508352c7753915345d45fab4296a986f01/coverage-7.12.0-cp313-cp313t-manylinux2014_aarch64.manylinux_2_17_aarch64.manylinux_2_28_aarch64.whl", hash = "sha256:9b57e2d0ddd5f0582bae5437c04ee71c46cd908e7bc5d4d0391f9a41e812dd12", size = 264574 },
    { url = "https://files.pythonhosted.org/packages/68/7c/00489fcbc2245d13ab12189b977e0cf06ff3351cb98bc6beba8bd68c5902/coverage-7.12.0-cp313-cp313t-manylinux_2_31_riscv64.manylinux_2_39_riscv64.whl", hash = "sha256:58c1c6aa677f3a1411fe6fb28ec3a942e4f665df036a3608816e0847fad23296", size = 259298 },
    { url = "https://files.pythonhosted.org/packages/96/b4/f0760d65d56c3bea95b449e02570d4abd2549dc784bf39a2d4721a2d8ceb/coverage-7.12.0-cp313-cp313t-musllinux_1_2_aarch64.whl", hash = "sha256:4c589361263ab2953e3c4cd2a94db94c4ad4a8e572776ecfbad2389c626e4507", size = 262150 },
    { url = "https://files.pythonhosted.org/packages/c5/71/9a9314df00f9326d78c1e5a910f520d599205907432d90d1c1b7a97aa4b1/coverage-7.12.0-cp313-cp313t-musllinux_1_2_i686.whl", hash = "sha256:91b810a163ccad2e43b1faa11d70d3cf4b6f3d83f9fd5f2df82a32d47b648e0d", size = 259763 },
    { url = "https://files.pythonhosted.org/packages/10/34/01a0aceed13fbdf925876b9a15d50862eb8845454301fe3cdd1df08b2182/coverage-7.12.0-cp313-cp313t-musllinux_1_2_riscv64.whl", hash = "sha256:40c867af715f22592e0d0fb533a33a71ec9e0f73a6945f722a0c85c8c1cbe3a2", size = 258653 },
    { url = "https://files.pythonhosted.org/packages/8d/04/81d8fd64928acf1574bbb0181f66901c6c1c6279c8ccf5f84259d2c68ae9/coverage-7.12.0-cp313-cp313t-musllinux_1_2_x86_64.whl", hash = "sha256:68b0d0a2d84f333de875666259dadf28cc67858bc8fd8b3f1eae84d3c2bec455", size = 260856 },
    { url = "https://files.pythonhosted.org/packages/f2/76/fa2a37bfaeaf1f766a2d2360a25a5297d4fb567098112f6517475eee120b/coverage-7.12.0-cp313-cp313t-win32.whl", hash = "sha256:73f9e7fbd51a221818fd11b7090eaa835a353ddd59c236c57b2199486b116c6d", size = 220936 },
    { url = "https://files.pythonhosted.org/packages/f9/52/60f64d932d555102611c366afb0eb434b34266b1d9266fc2fe18ab641c47/coverage-7.12.0-cp313-cp313t-win_amd64.whl", hash = "sha256:24cff9d1f5743f67db7ba46ff284018a6e9aeb649b67aa1e70c396aa1b7cb23c", size = 222001 },
    { url = "https://files.pythonhosted.org/packages/77/df/c303164154a5a3aea7472bf323b7c857fed93b26618ed9fc5c2955566bb0/coverage-7.12.0-cp313-cp313t-win_arm64.whl", hash = "sha256:c87395744f5c77c866d0f5a43d97cc39e17c7f1cb0115e54a2fe67ca75c5d14d", size = 220273 },
    { url = "https://files.pythonhosted.org/packages/bf/2e/fc12db0883478d6e12bbd62d481210f0c8daf036102aa11434a0c5755825/coverage-7.12.0-cp314-cp314-macosx_10_15_x86_64.whl", hash = "sha256:a1c59b7dc169809a88b21a936eccf71c3895a78f5592051b1af8f4d59c2b4f92", size = 217777 },
    { url = "https://files.pythonhosted.org/packages/1f/c1/ce3e525d223350c6ec16b9be8a057623f54226ef7f4c2fee361ebb6a02b8/coverage-7.12.0-cp314-cp314-macosx_11_0_arm64.whl", hash = "sha256:8787b0f982e020adb732b9f051f3e49dd5054cebbc3f3432061278512a2b1360", size = 218100 },
    { url = "https://files.pythonhosted.org/packages/15/87/113757441504aee3808cb422990ed7c8bcc2d53a6779c66c5adef0942939/coverage-7.12.0-cp314-cp314-manylinux1_i686.manylinux_2_28_i686.manylinux_2_5_i686.whl", hash = "sha256:5ea5a9f7dc8877455b13dd1effd3202e0bca72f6f3ab09f9036b1bcf728f69ac", size = 249151 },
    { url = "https://files.pythonhosted.org/packages/d9/1d/9529d9bd44049b6b05bb319c03a3a7e4b0a8a802d28fa348ad407e10706d/coverage-7.12.0-cp314-cp314-manylinux1_x86_64.manylinux_2_28_x86_64.manylinux_2_5_x86_64.whl", hash = "sha256:fdba9f15849534594f60b47c9a30bc70409b54947319a7c4fd0e8e3d8d2f355d", size = 251667 },
    { url = "https://files.pythonhosted.org/packages/11/bb/567e751c41e9c03dc29d3ce74b8c89a1e3396313e34f255a2a2e8b9ebb56/coverage-7.12.0-cp314-cp314-manylinux2014_aarch64.manylinux_2_17_aarch64.manylinux_2_28_aarch64.whl", hash = "sha256:a00594770eb715854fb1c57e0dea08cce6720cfbc531accdb9850d7c7770396c", size = 253003 },
    { url = "https://files.pythonhosted.org/packages/e4/b3/c2cce2d8526a02fb9e9ca14a263ca6fc074449b33a6afa4892838c903528/coverage-7.12.0-cp314-cp314-manylinux_2_31_riscv64.manylinux_2_39_riscv64.whl", hash = "sha256:5560c7e0d82b42eb1951e4f68f071f8017c824ebfd5a6ebe42c60ac16c6c2434", size = 249185 },
    { url = "https://files.pythonhosted.org/packages/0e/a7/967f93bb66e82c9113c66a8d0b65ecf72fc865adfba5a145f50c7af7e58d/coverage-7.12.0-cp314-cp314-musllinux_1_2_aarch64.whl", hash = "sha256:d6c2e26b481c9159c2773a37947a9718cfdc58893029cdfb177531793e375cfc", size = 251025 },
    { url = "https://files.pythonhosted.org/packages/b9/b2/f2f6f56337bc1af465d5b2dc1ee7ee2141b8b9272f3bf6213fcbc309a836/coverage-7.12.0-cp314-cp314-musllinux_1_2_i686.whl", hash = "sha256:6e1a8c066dabcde56d5d9fed6a66bc19a2883a3fe051f0c397a41fc42aedd4cc", size = 248979 },
    { url = "https://files.pythonhosted.org/packages/f4/7a/bf4209f45a4aec09d10a01a57313a46c0e0e8f4c55ff2965467d41a92036/coverage-7.12.0-cp314-cp314-musllinux_1_2_riscv64.whl", hash = "sha256:f7ba9da4726e446d8dd8aae5a6cd872511184a5d861de80a86ef970b5dacce3e", size = 248800 },
    { url = "https://files.pythonhosted.org/packages/b8/b7/1e01b8696fb0521810f60c5bbebf699100d6754183e6cc0679bf2ed76531/coverage-7.12.0-cp314-cp314-musllinux_1_2_x86_64.whl", hash = "sha256:e0f483ab4f749039894abaf80c2f9e7ed77bbf3c737517fb88c8e8e305896a17", size = 250460 },
    { url = "https://files.pythonhosted.org/packages/71/ae/84324fb9cb46c024760e706353d9b771a81b398d117d8c1fe010391c186f/coverage-7.12.0-cp314-cp314-win32.whl", hash = "sha256:76336c19a9ef4a94b2f8dc79f8ac2da3f193f625bb5d6f51a328cd19bfc19933", size = 220533 },
    { url = "https://files.pythonhosted.org/packages/e2/71/1033629deb8460a8f97f83e6ac4ca3b93952e2b6f826056684df8275e015/coverage-7.12.0-cp314-cp314-win_amd64.whl", hash = "sha256:7c1059b600aec6ef090721f8f633f60ed70afaffe8ecab85b59df748f24b31fe", size = 221348 },
    { url = "https://files.pythonhosted.org/packages/0a/5f/ac8107a902f623b0c251abdb749be282dc2ab61854a8a4fcf49e276fce2f/coverage-7.12.0-cp314-cp314-win_arm64.whl", hash = "sha256:172cf3a34bfef42611963e2b661302a8931f44df31629e5b1050567d6b90287d", size = 219922 },
    { url = "https://files.pythonhosted.org/packages/79/6e/f27af2d4da367f16077d21ef6fe796c874408219fa6dd3f3efe7751bd910/coverage-7.12.0-cp314-cp314t-macosx_10_15_x86_64.whl", hash = "sha256:aa7d48520a32cb21c7a9b31f81799e8eaec7239db36c3b670be0fa2403828d1d", size = 218511 },
    { url = "https://files.pythonhosted.org/packages/67/dd/65fd874aa460c30da78f9d259400d8e6a4ef457d61ab052fd248f0050558/coverage-7.12.0-cp314-cp314t-macosx_11_0_arm64.whl", hash = "sha256:90d58ac63bc85e0fb919f14d09d6caa63f35a5512a2205284b7816cafd21bb03", size = 218771 },
    { url = "https://files.pythonhosted.org/packages/55/e0/7c6b71d327d8068cb79c05f8f45bf1b6145f7a0de23bbebe63578fe5240a/coverage-7.12.0-cp314-cp314t-manylinux1_i686.manylinux_2_28_i686.manylinux_2_5_i686.whl", hash = "sha256:ca8ecfa283764fdda3eae1bdb6afe58bf78c2c3ec2b2edcb05a671f0bba7b3f9", size = 260151 },
    { url = "https://files.pythonhosted.org/packages/49/ce/4697457d58285b7200de6b46d606ea71066c6e674571a946a6ea908fb588/coverage-7.12.0-cp314-cp314t-manylinux1_x86_64.manylinux_2_28_x86_64.manylinux_2_5_x86_64.whl", hash = "sha256:874fe69a0785d96bd066059cd4368022cebbec1a8958f224f0016979183916e6", size = 262257 },
    { url = "https://files.pythonhosted.org/packages/2f/33/acbc6e447aee4ceba88c15528dbe04a35fb4d67b59d393d2e0d6f1e242c1/coverage-7.12.0-cp314-cp314t-manylinux2014_aarch64.manylinux_2_17_aarch64.manylinux_2_28_aarch64.whl", hash = "sha256:5b3c889c0b8b283a24d721a9eabc8ccafcfc3aebf167e4cd0d0e23bf8ec4e339", size = 264671 },
    { url = "https://files.pythonhosted.org/packages/87/ec/e2822a795c1ed44d569980097be839c5e734d4c0c1119ef8e0a073496a30/coverage-7.12.0-cp314-cp314t-manylinux_2_31_riscv64.manylinux_2_39_riscv64.whl", hash = "sha256:8bb5b894b3ec09dcd6d3743229dc7f2c42ef7787dc40596ae04c0edda487371e", size = 259231 },
    { url = "https://files.pythonhosted.org/packages/72/c5/a7ec5395bb4a49c9b7ad97e63f0c92f6bf4a9e006b1393555a02dae75f16/coverage-7.12.0-cp314-cp314t-musllinux_1_2_aarch64.whl", hash = "sha256:79a44421cd5fba96aa57b5e3b5a4d3274c449d4c622e8f76882d76635501fd13", size = 262137 },
    { url = "https://files.pythonhosted.org/packages/67/0c/02c08858b764129f4ecb8e316684272972e60777ae986f3865b10940bdd6/coverage-7.12.0-cp314-cp314t-musllinux_1_2_i686.whl", hash = "sha256:33baadc0efd5c7294f436a632566ccc1f72c867f82833eb59820ee37dc811c6f", size = 259745 },
    { url = "https://files.pythonhosted.org/packages/5a/04/4fd32b7084505f3829a8fe45c1a74a7a728cb251aaadbe3bec04abcef06d/coverage-7.12.0-cp314-cp314t-musllinux_1_2_riscv64.whl", hash = "sha256:c406a71f544800ef7e9e0000af706b88465f3573ae8b8de37e5f96c59f689ad1", size = 258570 },
    { url = "https://files.pythonhosted.org/packages/48/35/2365e37c90df4f5342c4fa202223744119fe31264ee2924f09f074ea9b6d/coverage-7.12.0-cp314-cp314t-musllinux_1_2_x86_64.whl", hash = "sha256:e71bba6a40883b00c6d571599b4627f50c360b3d0d02bfc658168936be74027b", size = 260899 },
    { url = "https://files.pythonhosted.org/packages/05/56/26ab0464ca733fa325e8e71455c58c1c374ce30f7c04cebb88eabb037b18/coverage-7.12.0-cp314-cp314t-win32.whl", hash = "sha256:9157a5e233c40ce6613dead4c131a006adfda70e557b6856b97aceed01b0e27a", size = 221313 },
    { url = "https://files.pythonhosted.org/packages/da/1c/017a3e1113ed34d998b27d2c6dba08a9e7cb97d362f0ec988fcd873dcf81/coverage-7.12.0-cp314-cp314t-win_amd64.whl", hash = "sha256:e84da3a0fd233aeec797b981c51af1cabac74f9bd67be42458365b30d11b5291", size = 222423 },
    { url = "https://files.pythonhosted.org/packages/4c/36/bcc504fdd5169301b52568802bb1b9cdde2e27a01d39fbb3b4b508ab7c2c/coverage-7.12.0-cp314-cp314t-win_arm64.whl", hash = "sha256:01d24af36fedda51c2b1aca56e4330a3710f83b02a5ff3743a6b015ffa7c9384", size = 220459 },
    { url = "https://files.pythonhosted.org/packages/ce/a3/43b749004e3c09452e39bb56347a008f0a0668aad37324a99b5c8ca91d9e/coverage-7.12.0-py3-none-any.whl", hash = "sha256:159d50c0b12e060b15ed3d39f87ed43d4f7f7ad40b8a534f4dd331adbb51104a", size = 209503 },
]

[[package]]
name = "iniconfig"
version = "2.3.0"
source = { registry = "https://pypi.org/simple" }
sdist = { url = "https://files.pythonhosted.org/packages/72/34/14ca021ce8e5dfedc35312d08ba8bf51fdd999c576889fc2c24cb97f4f10/iniconfig-2.3.0.tar.gz", hash = "sha256:c76315c77db068650d49c5b56314774a7804df16fee4402c1f19d6d15d8c4730", size = 20503 }
wheels = [
    { url = "https://files.pythonhosted.org/packages/cb/b1/3846dd7f199d53cb17f49cba7e651e9ce294d8497c8c150530ed11865bb8/iniconfig-2.3.0-py3-none-any.whl", hash = "sha256:f631c04d2c48c52b84d0d0549c99ff3859c98df65b3101406327ecc7d53fbf12", size = 7484 },
]

[[package]]
name = "mypy-extensions"
version = "1.1.0"
source = { registry = "https://pypi.org/simple" }
sdist = { url = "https://files.pythonhosted.org/packages/a2/6e/371856a3fb9d31ca8dac321cda606860fa4548858c0cc45d9d1d4ca2628b/mypy_extensions-1.1.0.tar.gz", hash = "sha256:52e68efc3284861e772bbcd66823fde5ae21fd2fdb51c62a211403730b916558", size = 6343 }
wheels = [
    { url = "https://files.pythonhosted.org/packages/79/7b/2c79738432f5c924bef5071f933bcc9efd0473bac3b4aa584a6f7c1c8df8/mypy_extensions-1.1.0-py3-none-any.whl", hash = "sha256:1be4cccdb0f2482337c4743e60421de3a356cd97508abadd57d47403e94f5505", size = 4963 },
]

[[package]]
name = "packaging"
version = "25.0"
source = { registry = "https://pypi.org/simple" }
sdist = { url = "https://files.pythonhosted.org/packages/a1/d4/1fc4078c65507b51b96ca8f8c3ba19e6a61c8253c72794544580a7b6c24d/packaging-25.0.tar.gz", hash = "sha256:d443872c98d677bf60f6a1f2f8c1cb748e8fe762d2bf9d3148b5599295b0fc4f", size = 165727 }
wheels = [
    { url = "https://files.pythonhosted.org/packages/20/12/38679034af332785aac8774540895e234f4d07f7545804097de4b666afd8/packaging-25.0-py3-none-any.whl", hash = "sha256:29572ef2b1f17581046b3a2227d5c611fb25ec70ca1ba8554b24b0e69331a484", size = 66469 },
]

[[package]]
name = "pathspec"
version = "0.12.1"
source = { registry = "https://pypi.org/simple" }
sdist = { url = "https://files.pythonhosted.org/packages/ca/bc/f35b8446f4531a7cb215605d100cd88b7ac6f44ab3fc94870c120ab3adbf/pathspec-0.12.1.tar.gz", hash = "sha256:a482d51503a1ab33b1c67a6c3813a26953dbdc71c31dacaef9a838c4e29f5712", size = 51043 }
wheels = [
    { url = "https://files.pythonhosted.org/packages/cc/20/ff623b09d963f88bfde16306a54e12ee5ea43e9b597108672ff3a408aad6/pathspec-0.12.1-py3-none-any.whl", hash = "sha256:a0d503e138a4c123b27490a4f7beda6a01c6f288df0e4a8b79c7eb0dc7b4cc08", size = 31191 },
]

[[package]]
name = "platformdirs"
version = "4.5.1"
source = { registry = "https://pypi.org/simple" }
sdist = { url = "https://files.pythonhosted.org/packages/cf/86/0248f086a84f01b37aaec0fa567b397df1a119f73c16f6c7a9aac73ea309/platformdirs-4.5.1.tar.gz", hash = "sha256:61d5cdcc6065745cdd94f0f878977f8de9437be93de97c1c12f853c9c0cdcbda", size = 21715 }
wheels = [
    { url = "https://files.pythonhosted.org/packages/cb/28/3bfe2fa5a7b9c46fe7e13c97bda14c895fb10fa2ebf1d0abb90e0cea7ee1/platformdirs-4.5.1-py3-none-any.whl", hash = "sha256:d03afa3963c806a9bed9d5125c8f4cb2fdaf74a55ab60e5d59b3fde758104d31", size = 18731 },
]

[[package]]
name = "pluggy"
version = "1.6.0"
source = { registry = "https://pypi.org/simple" }
sdist = { url = "https://files.pythonhosted.org/packages/f9/e2/3e91f31a7d2b083fe6ef3fa267035b518369d9511ffab804f839851d2779/pluggy-1.6.0.tar.gz", hash = "sha256:7dcc130b76258d33b90f61b658791dede3486c3e6bfb003ee5c9bfb396dd22f3", size = 69412 }
wheels = [
    { url = "https://files.pythonhosted.org/packages/54/20/4d324d65cc6d9205fabedc306948156824eb9f0ee1633355a8f7ec5c66bf/pluggy-1.6.0-py3-none-any.whl", hash = "sha256:e920276dd6813095e9377c0bc5566d94c932c33b27a3e3945d8389c374dd4746", size = 20538 },
]

[[package]]
name = "pygments"
version = "2.19.2"
source = { registry = "https://pypi.org/simple" }
sdist = { url = "https://files.pythonhosted.org/packages/b0/77/a5b8c569bf593b0140bde72ea885a803b82086995367bf2037de0159d924/pygments-2.19.2.tar.gz", hash = "sha256:636cb2477cec7f8952536970bc533bc43743542f70392ae026374600add5b887", size = 4968631 }
wheels = [
    { url = "https://files.pythonhosted.org/packages/c7/21/705964c7812476f378728bdf590ca4b771ec72385c533964653c68e86bdc/pygments-2.19.2-py3-none-any.whl", hash = "sha256:86540386c03d588bb81d44bc3928634ff26449851e99741617ecb9037ee5ec0b", size = 1225217 },
]

[[package]]
name = "pytest"
version = "9.0.2"
source = { registry = "https://pypi.org/simple" }
dependencies = [
    { name = "colorama", marker = "sys_platform == 'win32'" },
    { name = "iniconfig" },
    { name = "packaging" },
    { name = "pluggy" },
    { name = "pygments" },
]
sdist = { url = "https://files.pythonhosted.org/packages/d1/db/7ef3487e0fb0049ddb5ce41d3a49c235bf9ad299b6a25d5780a89f19230f/pytest-9.0.2.tar.gz", hash = "sha256:75186651a92bd89611d1d9fc20f0b4345fd827c41ccd5c299a868a05d70edf11", size = 1568901 }
wheels = [
    { url = "https://files.pythonhosted.org/packages/3b/ab/b3226f0bd7cdcf710fbede2b3548584366da3b19b5021e74f5bde2a8fa3f/pytest-9.0.2-py3-none-any.whl", hash = "sha256:711ffd45bf766d5264d487b917733b453d917afd2b0ad65223959f59089f875b", size = 374801 },
]

[[package]]
name = "pytest-cov"
version = "7.0.0"
source = { registry = "https://pypi.org/simple" }
dependencies = [
    { name = "coverage" },
    { name = "pluggy" },
    { name = "pytest" },
]
sdist = { url = "https://files.pythonhosted.org/packages/5e/f7/c933acc76f5208b3b00089573cf6a2bc26dc80a8aece8f52bb7d6b1855ca/pytest_cov-7.0.0.tar.gz", hash = "sha256:33c97eda2e049a0c5298e91f519302a1334c26ac65c1a483d6206fd458361af1", size = 54328 }
wheels = [
    { url = "https://files.pythonhosted.org/packages/ee/49/1377b49de7d0c1ce41292161ea0f721913fa8722c19fb9c1e3aa0367eecb/pytest_cov-7.0.0-py3-none-any.whl", hash = "sha256:3b8e9558b16cc1479da72058bdecf8073661c7f57f7d3c5f22a1c23507f2d861", size = 22424 },
]

[[package]]
name = "pytokens"
version = "0.3.0"
source = { registry = "https://pypi.org/simple" }
sdist = { url = "https://files.pythonhosted.org/packages/4e/8d/a762be14dae1c3bf280202ba3172020b2b0b4c537f94427435f19c413b72/pytokens-0.3.0.tar.gz", hash = "sha256:2f932b14ed08de5fcf0b391ace2642f858f1394c0857202959000b68ed7a458a", size = 17644 }
wheels = [
    { url = "https://files.pythonhosted.org/packages/84/25/d9db8be44e205a124f6c98bc0324b2bb149b7431c53877fc6d1038dddaf5/pytokens-0.3.0-py3-none-any.whl", hash = "sha256:95b2b5eaf832e469d141a378872480ede3f251a5a5041b8ec6e581d3ac71bbf3", size = 12195 },
]

[[package]]
name = "violetear"
version = "0.13.1"
source = { editable = "." }

[package.dev-dependencies]
dev = [
    { name = "black" },
    { name = "pytest" },
    { name = "pytest-cov" },
]

[package.metadata]

[package.metadata.requires-dev]
dev = [
    { name = "black", specifier = ">=25.11.0" },
    { name = "pytest", specifier = ">=9.0.2" },
    { name = "pytest-cov", specifier = ">=7.0.0" },
]
